
Microsoft Visual Studio Solution File, Format Version 12.00
# Visual Studio Version 17
VisualStudioVersion = 17.6.33723.286
MinimumVisualStudioVersion = 10.0.40219.1
Project("{9A19103F-16F7-4668-BE54-9A1E7A4F7556}") = "EmailMarketingWebApi", "EmailMarketingWebApi.csproj", "{0EFE5A06-9AD1-471B-B8CB-796A5EB2E1A4}"
EndProject
Global
	GlobalSection(SolutionConfigurationPlatforms) = preSolution
		Debug|Any CPU = Debug|Any CPU
		Release|Any CPU = Release|Any CPU
	EndGlobalSection
	GlobalSection(ProjectConfigurationPlatforms) = postSolution
		{0EFE5A06-9AD1-471B-B8CB-796A5EB2E1A4}.Debug|Any CPU.ActiveCfg = Debug|Any CPU
		{0EFE5A06-9AD1-471B-B8CB-796A5EB2E1A4}.Debug|Any CPU.Build.0 = Debug|Any CPU
		{0EFE5A06-9AD1-471B-B8CB-796A5EB2E1A4}.Release|Any CPU.ActiveCfg = Release|Any CPU
		{0EFE5A06-9AD1-471B-B8CB-796A5EB2E1A4}.Release|Any CPU.Build.0 = Release|Any CPU
	EndGlobalSection
	GlobalSection(SolutionProperties) = preSolution
		HideSolutionNode = FALSE
	EndGlobalSection
	GlobalSection(ExtensibilityGlobals) = postSolution
		SolutionGuid = {4CAAEC61-B155-4969-83FE-3A438386CF82}
	EndGlobalSection
EndGlobal
